// !$*UTF8*$!
{
	archiveVersion = 1;
	classes = {
	};
	objectVersion = 50;
	objects = {

/* Begin PBXBuildFile section */
		026DEE2822606EBC0018AF13 /* AppDelegate.swift in Sources */ = {isa = PBXBuildFile; fileRef = 026DEE2722606EBC0018AF13 /* AppDelegate.swift */; };
		026DEE2A22606EBC0018AF13 /* ViewController.swift in Sources */ = {isa = PBXBuildFile; fileRef = 026DEE2922606EBC0018AF13 /* ViewController.swift */; };
		026DEE2D22606EBC0018AF13 /* Main.storyboard in Resources */ = {isa = PBXBuildFile; fileRef = 026DEE2B22606EBC0018AF13 /* Main.storyboard */; };
		026DEE2F22606EBC0018AF13 /* Assets.xcassets in Resources */ = {isa = PBXBuildFile; fileRef = 026DEE2E22606EBC0018AF13 /* Assets.xcassets */; };
		026DEE3222606EBC0018AF13 /* LaunchScreen.storyboard in Resources */ = {isa = PBXBuildFile; fileRef = 026DEE3022606EBC0018AF13 /* LaunchScreen.storyboard */; };
/* End PBXBuildFile section */

/* Begin PBXFileReference section */
		026DEE2422606EBC0018AF13 /* CoreImageFIlter.app */ = {isa = PBXFileReference; explicitFileType = wrapper.application; includeInIndex = 0; path = CoreImageFIlter.app; sourceTree = BUILT_PRODUCTS_DIR; };
		026DEE2722606EBC0018AF13 /* AppDelegate.swift */ = {isa = PBXFileReference; lastKnownFileType = sourcecode.swift; path = AppDelegate.swift; sourceTree = "<group>"; };
		026DEE2922606EBC0018AF13 /* ViewController.swift */ = {isa = PBXFileReference; lastKnownFileType = sourcecode.swift; path = ViewController.swift; sourceTree = "<group>"; };
		026DEE2C22606EBC0018AF13 /* Base */ = {isa = PBXFileReference; lastKnownFileType = file.storyboard; name = Base; path = Base.lproj/Main.storyboard; sourceTree = "<group>"; };
		026DEE2E22606EBC0018AF13 /* Assets.xcassets */ = {isa = PBXFileReference; lastKnownFileType = folder.assetcatalog; path = Assets.xcassets; sourceTree = "<group>"; };
		026DEE3122606EBC0018AF13 /* Base */ = {isa = PBXFileReference; lastKnownFileType = file.storyboard; name = Base; path = Base.lproj/LaunchScreen.storyboard; sourceTree = "<group>"; };
		026DEE3322606EBC0018AF13 /* Info.plist */ = {isa = PBXFileReference; lastKnownFileType = text.plist.xml; path = Info.plist; sourceTree = "<group>"; };
/* End PBXFileReference section */

/* Begin PBXFrameworksBuildPhase section */
		026DEE2122606EBC0018AF13 /* Frameworks */ = {
			isa = PBXFrameworksBuildPhase;
			buildActionMask = 2147483647;
			files = (
			);
			runOnlyForDeploymentPostprocessing = 0;
		};
/* End PBXFrameworksBuildPhase section */

/* Begin PBXGroup section */
		026DEE1B22606EBC0018AF13 = {
			isa = PBXGroup;
			children = (
				026DEE2622606EBC0018AF13 /* CoreImageFIlter */,
				026DEE2522606EBC0018AF13 /* Products */,
			);
			sourceTree = "<group>";
		};
		026DEE2522606EBC0018AF13 /* Products */ = {
			isa = PBXGroup;
			children = (
				026DEE2422606EBC0018AF13 /* CoreImageFIlter.app */,
			);
			name = Products;
			sourceTree = "<group>";
		};
		026DEE2622606EBC0018AF13 /* CoreImageFIlter */ = {
			isa = PBXGroup;
			children = (
				026DEE2722606EBC0018AF13 /* AppDelegate.swift */,
				026DEE2922606EBC0018AF13 /* ViewController.swift */,
				026DEE2B22606EBC0018AF13 /* Main.storyboard */,
				026DEE2E22606EBC0018AF13 /* Assets.xcassets */,
				026DEE3022606EBC0018AF13 /* LaunchScreen.storyboard */,
				026DEE3322606EBC0018AF13 /* Info.plist */,
			);
			path = CoreImageFIlter;
			sourceTree = "<group>";
		};
/* End PBXGroup section */

/* Begin PBXNativeTarget section */
		026DEE2322606EBC0018AF13 /* CoreImageFIlter */ = {
			isa = PBXNativeTarget;
			buildConfigurationList = 026DEE3622606EBC0018AF13 /* Build configuration list for PBXNativeTarget "CoreImageFIlter" */;
			buildPhases = (
				026DEE2022606EBC0018AF13 /* Sources */,
				026DEE2122606EBC0018AF13 /* Frameworks */,
				026DEE2222606EBC0018AF13 /* Resources */,
			);
			buildRules = (
			);
			dependencies = (
			);
			name = CoreImageFIlter;
			productName = CoreImageFIlter;
			productReference = 026DEE2422606EBC0018AF13 /* CoreImageFIlter.app */;
			productType = "com.apple.product-type.application";
		};
/* End PBXNativeTarget section */

/* Begin PBXProject section */
		026DEE1C22606EBC0018AF13 /* Project object */ = {
			isa = PBXProject;
			attributes = {
				LastSwiftUpdateCheck = 1010;
				LastUpgradeCheck = 1010;
				ORGANIZATIONNAME = Tec;
				TargetAttributes = {
					026DEE2322606EBC0018AF13 = {
						CreatedOnToolsVersion = 10.1;
					};
				};
			};
			buildConfigurationList = 026DEE1F22606EBC0018AF13 /* Build configuration list for PBXProject "CoreImageFIlter" */;
			compatibilityVersion = "Xcode 9.3";
			developmentRegion = en;
			hasScannedForEncodings = 0;
			knownRegions = (
				en,
				Base,
			);
			mainGroup = 026DEE1B22606EBC0018AF13;
			productRefGroup = 026DEE2522606EBC0018AF13 /* Products */;
			projectDirPath = "";
			projectRoot = "";
			targets = (
				026DEE2322606EBC0018AF13 /* CoreImageFIlter */,
			);
		};
/* End PBXProject section */

/* Begin PBXResourcesBuildPhase section */
		026DEE2222606EBC0018AF13 /* Resources */ = {
			isa = PBXResourcesBuildPhase;
			buildActionMask = 2147483647;
			files = (
				026DEE3222606EBC0018AF13 /* LaunchScreen.storyboard in Resources */,
				026DEE2F22606EBC0018AF13 /* Assets.xcassets in Resources */,
				026DEE2D22606EBC0018AF13 /* Main.storyboard in Resources */,
			);
			runOnlyForDeploymentPostprocessing = 0;
		};
/* End PBXResourcesBuildPhase section */

/* Begin PBXSourcesBuildPhase section */
		026DEE2022606EBC0018AF13 /* Sources */ = {
			isa = PBXSourcesBuildPhase;
			buildActionMask = 2147483647;
			files = (
				026DEE2A22606EBC0018AF13 /* ViewController.swift in Sources */,
				026DEE2822606EBC0018AF13 /* AppDelegate.swift in Sources */,
			);
			runOnlyForDeploymentPostprocessing = 0;
		};
/* End PBXSourcesBuildPhase section */

/* Begin PBXVariantGroup section */
		026DEE2B22606EBC0018AF13 /* Main.storyboard */ = {
			isa = PBXVariantGroup;
			children = (
				026DEE2C22606EBC0018AF13 /* Base */,
			);
			name = Main.storyboard;
			sourceTree = "<group>";
		};
		026DEE3022606EBC0018AF13 /* LaunchScreen.storyboard */ = {
			isa = PBXVariantGroup;
			children = (
				026DEE3122606EBC0018AF13 /* Base */,
			);
			name = LaunchScreen.storyboard;
			sourceTree = "<group>";
		};
/* End PBXVariantGroup section */

/* Begin XCBuildConfiguration section */
		026DEE3422606EBC0018AF13 /* Debug */ = {
			isa = XCBuildConfiguration;
			buildSettings = {
				ALWAYS_SEARCH_USER_PATHS = NO;
				CLANG_ANALYZER_NONNULL = YES;
				CLANG_ANALYZER_NUMBER_OBJECT_CONVERSION = YES_AGGRESSIVE;
				CLANG_CXX_LANGUAGE_STANDARD = "gnu++14";
				CLANG_CXX_LIBRARY = "libc++";
				CLANG_ENABLE_MODULES = YES;
				CLANG_ENABLE_OBJC_ARC = YES;
				CLANG_ENABLE_OBJC_WEAK = YES;
				CLANG_WARN_BLOCK_CAPTURE_AUTORELEASING = YES;
				CLANG_WARN_BOOL_CONVERSION = YES;
				CLANG_WARN_COMMA = YES;
				CLANG_WARN_CONSTANT_CONVERSION = YES;
				CLANG_WARN_DEPRECATED_OBJC_IMPLEMENTATIONS = YES;
				CLANG_WARN_DIRECT_OBJC_ISA_USAGE = YES_ERROR;
				CLANG_WARN_DOCUMENTATION_COMMENTS = YES;
				CLANG_WARN_EMPTY_BODY = YES;
				CLANG_WARN_ENUM_CONVERSION = YES;
				CLANG_WARN_INFINITE_RECURSION = YES;
				CLANG_WARN_INT_CONVERSION = YES;
				CLANG_WARN_NON_LITERAL_NULL_CONVERSION = YES;
				CLANG_WARN_OBJC_IMPLICIT_RETAIN_SELF = YES;
				CLANG_WARN_OBJC_LITERAL_CONVERSION = YES;
				CLANG_WARN_OBJC_ROOT_CLASS = YES_ERROR;
				CLANG_WARN_RANGE_LOOP_ANALYSIS = YES;
				CLANG_WARN_STRICT_PROTOTYPES = YES;
				CLANG_WARN_SUSPICIOUS_MOVE = YES;
				CLANG_WARN_UNGUARDED_AVAILABILITY = YES_AGGRESSIVE;
				CLANG_WARN_UNREACHABLE_CODE = YES;
				CLANG_WARN__DUPLICATE_METHOD_MATCH = YES;
				CODE_SIGN_IDENTITY = "iPhone Developer";
				COPY_PHASE_STRIP = NO;
				DEBUG_INFORMATION_FORMAT = dwarf;
				ENABLE_STRICT_OBJC_MSGSEND = YES;
				ENABLE_TESTABILITY = YES;
				GCC_C_LANGUAGE_STANDARD = gnu11;
				GCC_DYNAMIC_NO_PIC = NO;
				GCC_NO_COMMON_BLOCKS = YES;
				GCC_OPTIMIZATION_LEVEL = 0;
				GCC_PREPROCESSOR_DEFINITIONS = (
					"DEBUG=1",
					"$(inherited)",
				);
				GCC_WARN_64_TO_32_BIT_CONVERSION = YES;
				GCC_WARN_ABOUT_RETURN_TYPE = YES_ERROR;
				GCC_WARN_UNDECLARED_SELECTOR = YES;
				GCC_WARN_UNINITIALIZED_AUTOS = YES_AGGRESSIVE;
				GCC_WARN_UNUSED_FUNCTION = YES;
				GCC_WARN_UNUSED_VARIABLE = YES;
				IPHONEOS_DEPLOYMENT_TARGET = 12.1;
				MTL_ENABLE_DEBUG_INFO = INCLUDE_SOURCE;
				MTL_FAST_MATH = YES;
				ONLY_ACTIVE_ARCH = YES;
				SDKROOT = iphoneos;
				SWIFT_ACTIVE_COMPILATION_CONDITIONS = DEBUG;
				SWIFT_OPTIMIZATION_LEVEL = "-Onone";
			};
			name = Debug;
		};
		026DEE3522606EBC0018AF13 /* Release */ = {
			isa = XCBuildConfiguration;
			buildSettings = {
				ALWAYS_SEARCH_USER_PATHS = NO;
				CLANG_ANALYZER_NONNULL = YES;
				CLANG_ANALYZER_NUMBER_OBJECT_CONVERSION = YES_AGGRESSIVE;
				CLANG_CXX_LANGUAGE_STANDARD = "gnu++14";
				CLANG_CXX_LIBRARY = "libc++";
				CLANG_ENABLE_MODULES = YES;
				CLANG_ENABLE_OBJC_ARC = YES;
				CLANG_ENABLE_OBJC_WEAK = YES;
				CLANG_WARN_BLOCK_CAPTURE_AUTORELEASING = YES;
				CLANG_WARN_BOOL_CONVERSION = YES;
				CLANG_WARN_COMMA = YES;
				CLANG_WARN_CONSTANT_CONVERSION = YES;
				CLANG_WARN_DEPRECATED_OBJC_IMPLEMENTATIONS = YES;
				CLANG_WARN_DIRECT_OBJC_ISA_USAGE = YES_ERROR;
				CLANG_WARN_DOCUMENTATION_COMMENTS = YES;
				CLANG_WARN_EMPTY_BODY = YES;
				CLANG_WARN_ENUM_CONVERSION = YES;
				CLANG_WARN_INFINITE_RECURSION = YES;
				CLANG_WARN_INT_CONVERSION = YES;
				CLANG_WARN_NON_LITERAL_NULL_CONVERSION = YES;
				CLANG_WARN_OBJC_IMPLICIT_RETAIN_SELF = YES;
				CLANG_WARN_OBJC_LITERAL_CONVERSION = YES;
				CLANG_WARN_OBJC_ROOT_CLASS = YES_ERROR;
				CLANG_WARN_RANGE_LOOP_ANALYSIS = YES;
				CLANG_WARN_STRICT_PROTOTYPES = YES;
				CLANG_WARN_SUSPICIOUS_MOVE = YES;
				CLANG_WARN_UNGUARDED_AVAILABILITY = YES_AGGRESSIVE;
				CLANG_WARN_UNREACHABLE_CODE = YES;
				CLANG_WARN__DUPLICATE_METHOD_MATCH = YES;
				CODE_SIGN_IDENTITY = "iPhone Developer";
				COPY_PHASE_STRIP = NO;
				DEBUG_INFORMATION_FORMAT = "dwarf-with-dsym";
				ENABLE_NS_ASSERTIONS = NO;
				ENABLE_STRICT_OBJC_MSGSEND = YES;
				GCC_C_LANGUAGE_STANDARD = gnu11;
				GCC_NO_COMMON_BLOCKS = YES;
				GCC_WARN_64_TO_32_BIT_CONVERSION = YES;
				GCC_WARN_ABOUT_RETURN_TYPE = YES_ERROR;
				GCC_WARN_UNDECLARED_SELECTOR = YES;
				GCC_WARN_UNINITIALIZED_AUTOS = YES_AGGRESSIVE;
				GCC_WARN_UNUSED_FUNCTION = YES;
				GCC_WARN_UNUSED_VARIABLE = YES;
				IPHONEOS_DEPLOYMENT_TARGET = 12.1;
				MTL_ENABLE_DEBUG_INFO = NO;
				MTL_FAST_MATH = YES;
				SDKROOT = iphoneos;
				SWIFT_COMPILATION_MODE = wholemodule;
				SWIFT_OPTIMIZATION_LEVEL = "-O";
				VALIDATE_PRODUCT = YES;
			};
			name = Release;
		};
		026DEE3722606EBC0018AF13 /* Debug */ = {
			isa = XCBuildConfiguration;
			buildSettings = {
				ASSETCATALOG_COMPILER_APPICON_NAME = AppIcon;
				CODE_SIGN_STYLE = Automatic;
				INFOPLIST_FILE = CoreImageFIlter/Info.plist;
				LD_RUNPATH_SEARCH_PATHS = (
					"$(inherited)",
					"@executable_path/Frameworks",
				);
				PRODUCT_BUNDLE_IDENTIFIER = mx.tec.exam.CoreImageFIlter;
				PRODUCT_NAME = "$(TARGET_NAME)";
				SWIFT_VERSION = 4.2;
				TARGETED_DEVICE_FAMILY = "1,2";
			};
			name = Debug;
		};
		026DEE3822606EBC0018AF13 /* Release */ = {
			isa = XCBuildConfiguration;
			buildSettings = {
				ASSETCATALOG_COMPILER_APPICON_NAME = AppIcon;
				CODE_SIGN_STYLE = Automatic;
				INFOPLIST_FILE = CoreImageFIlter/Info.plist;
				LD_RUNPATH_SEARCH_PATHS = (
					"$(inherited)",
					"@executable_path/Frameworks",
				);
				PRODUCT_BUNDLE_IDENTIFIER = mx.tec.exam.CoreImageFIlter;
				PRODUCT_NAME = "$(TARGET_NAME)";
				SWIFT_VERSION = 4.2;
				TARGETED_DEVICE_FAMILY = "1,2";
			};
			name = Release;
		};
/* End XCBuildConfiguration section */

/* Begin XCConfigurationList section */
		026DEE1F22606EBC0018AF13 /* Build configuration list for PBXProject "CoreImageFIlter" */ = {
			isa = XCConfigurationList;
			buildConfigurations = (
				026DEE3422606EBC0018AF13 /* Debug */,
				026DEE3522606EBC0018AF13 /* Release */,
			);
			defaultConfigurationIsVisible = 0;
			defaultConfigurationName = Release;
		};
		026DEE3622606EBC0018AF13 /* Build configuration list for PBXNativeTarget "CoreImageFIlter" */ = {
			isa = XCConfigurationList;
			buildConfigurations = (
				026DEE3722606EBC0018AF13 /* Debug */,
				026DEE3822606EBC0018AF13 /* Release */,
			);
			defaultConfigurationIsVisible = 0;
			defaultConfigurationName = Release;
		};
/* End XCConfigurationList section */
	};
	rootObject = 026DEE1C22606EBC0018AF13 /* Project object */;
}
